// !$*UTF8*$!
{
	archiveVersion = 1;
	classes = {
	};
	objectVersion = 46;
	objects = {

/* Begin PBXBuildFile section */
		C34FD4DD1CD55A0C00971CC4 /* FBSDKCoreKit.framework in Frameworks */ = {isa = PBXBuildFile; fileRef = C34FD4DA1CD55A0C00971CC4 /* FBSDKCoreKit.framework */; };
		C34FD4DE1CD55A0C00971CC4 /* FBSDKLoginKit.framework in Frameworks */ = {isa = PBXBuildFile; fileRef = C34FD4DB1CD55A0C00971CC4 /* FBSDKLoginKit.framework */; };
		C34FD4DF1CD55A0C00971CC4 /* FBSDKShareKit.framework in Frameworks */ = {isa = PBXBuildFile; fileRef = C34FD4DC1CD55A0C00971CC4 /* FBSDKShareKit.framework */; };
		C36515181C880EBD0031D525 /* Fabric.framework in Frameworks */ = {isa = PBXBuildFile; fileRef = C36515141C880EBD0031D525 /* Fabric.framework */; };
		C36515191C880EBD0031D525 /* TwitterKit.framework in Frameworks */ = {isa = PBXBuildFile; fileRef = C36515151C880EBD0031D525 /* TwitterKit.framework */; };
		C365151A1C880EBD0031D525 /* TwitterKitResources.bundle in Resources */ = {isa = PBXBuildFile; fileRef = C36515161C880EBD0031D525 /* TwitterKitResources.bundle */; };
		C365151B1C880EBD0031D525 /* TwitterCore.framework in Frameworks */ = {isa = PBXBuildFile; fileRef = C36515171C880EBD0031D525 /* TwitterCore.framework */; };
		C365151D1C880FDB0031D525 /* LoginViewController.swift in Sources */ = {isa = PBXBuildFile; fileRef = C365151C1C880FDB0031D525 /* LoginViewController.swift */; };
		C36515211C8818220031D525 /* FeedTableViewController.swift in Sources */ = {isa = PBXBuildFile; fileRef = C36515201C8818220031D525 /* FeedTableViewController.swift */; };
		C36515231C8818F10031D525 /* PhotoCollectionViewCell.swift in Sources */ = {isa = PBXBuildFile; fileRef = C36515221C8818F10031D525 /* PhotoCollectionViewCell.swift */; };
		C36515251C88190A0031D525 /* CameraViewController.swift in Sources */ = {isa = PBXBuildFile; fileRef = C36515241C88190A0031D525 /* CameraViewController.swift */; };
		C36515271C8819380031D525 /* Photos.swift in Sources */ = {isa = PBXBuildFile; fileRef = C36515261C8819380031D525 /* Photos.swift */; };
		C36515291C88196D0031D525 /* Preview.swift in Sources */ = {isa = PBXBuildFile; fileRef = C36515281C88196D0031D525 /* Preview.swift */; };
		C365152B1C881DA70031D525 /* Extensions.swift in Sources */ = {isa = PBXBuildFile; fileRef = C365152A1C881DA70031D525 /* Extensions.swift */; };
		C365152D1C881E580031D525 /* Selection.swift in Sources */ = {isa = PBXBuildFile; fileRef = C365152C1C881E580031D525 /* Selection.swift */; };
		C365152F1C88201F0031D525 /* Helper.swift in Sources */ = {isa = PBXBuildFile; fileRef = C365152E1C88201F0031D525 /* Helper.swift */; };
		C36515311C88218C0031D525 /* CameraPicker.swift in Sources */ = {isa = PBXBuildFile; fileRef = C36515301C88218C0031D525 /* CameraPicker.swift */; };
		C36515351C8827620031D525 /* FeedTableViewCell.swift in Sources */ = {isa = PBXBuildFile; fileRef = C36515341C8827620031D525 /* FeedTableViewCell.swift */; };
		C36515371C8903E20031D525 /* CurrentUser.swift in Sources */ = {isa = PBXBuildFile; fileRef = C36515361C8903E20031D525 /* CurrentUser.swift */; };
		C36515391C89042B0031D525 /* GlobalEnums.swift in Sources */ = {isa = PBXBuildFile; fileRef = C36515381C89042B0031D525 /* GlobalEnums.swift */; };
		C365153C1C8969370031D525 /* userDataSource.swift in Sources */ = {isa = PBXBuildFile; fileRef = C365153B1C8969370031D525 /* userDataSource.swift */; };
		C36515501C898EF80031D525 /* SwifteriOS.framework in Frameworks */ = {isa = PBXBuildFile; fileRef = C36515481C89817A0031D525 /* SwifteriOS.framework */; };
		C36515511C898EF80031D525 /* SwifteriOS.framework in Embed Frameworks */ = {isa = PBXBuildFile; fileRef = C36515481C89817A0031D525 /* SwifteriOS.framework */; settings = {ATTRIBUTES = (CodeSignOnCopy, RemoveHeadersOnCopy, ); }; };
		C3CF09DF1CAA1955000AFDA0 /* App EULA.pdf in Resources */ = {isa = PBXBuildFile; fileRef = C3CF09DE1CAA1955000AFDA0 /* App EULA.pdf */; };
		C3F6F8D71C880C30007376C6 /* AppDelegate.swift in Sources */ = {isa = PBXBuildFile; fileRef = C3F6F8D61C880C30007376C6 /* AppDelegate.swift */; };
		C3F6F8E01C880C30007376C6 /* Main.storyboard in Resources */ = {isa = PBXBuildFile; fileRef = C3F6F8DE1C880C30007376C6 /* Main.storyboard */; };
		C3F6F8E21C880C30007376C6 /* Assets.xcassets in Resources */ = {isa = PBXBuildFile; fileRef = C3F6F8E11C880C30007376C6 /* Assets.xcassets */; };
		C3F6F8E51C880C30007376C6 /* LaunchScreen.storyboard in Resources */ = {isa = PBXBuildFile; fileRef = C3F6F8E31C880C30007376C6 /* LaunchScreen.storyboard */; };
/* End PBXBuildFile section */

/* Begin PBXContainerItemProxy section */
		C36515451C89817A0031D525 /* PBXContainerItemProxy */ = {
			isa = PBXContainerItemProxy;
			containerPortal = C365153D1C8981790031D525 /* Swifter.xcodeproj */;
			proxyType = 2;
			remoteGlobalIDString = 8B300C1F1944AA1A00993175;
			remoteInfo = SwifterDemoiOS;
		};
		C36515471C89817A0031D525 /* PBXContainerItemProxy */ = {
			isa = PBXContainerItemProxy;
			containerPortal = C365153D1C8981790031D525 /* Swifter.xcodeproj */;
			proxyType = 2;
			remoteGlobalIDString = 8B9F50EE1944A5AB00894629;
			remoteInfo = SwifteriOS;
		};
		C36515491C89817A0031D525 /* PBXContainerItemProxy */ = {
			isa = PBXContainerItemProxy;
			containerPortal = C365153D1C8981790031D525 /* Swifter.xcodeproj */;
			proxyType = 2;
			remoteGlobalIDString = 8B9F51131944A61D00894629;
			remoteInfo = SwifterMac;
		};
		C365154B1C89817A0031D525 /* PBXContainerItemProxy */ = {
			isa = PBXContainerItemProxy;
			containerPortal = C365153D1C8981790031D525 /* Swifter.xcodeproj */;
			proxyType = 2;
			remoteGlobalIDString = 8B300C471944AECB00993175;
			remoteInfo = SwifterDemoMac;
		};
		C365154D1C89817A0031D525 /* PBXContainerItemProxy */ = {
			isa = PBXContainerItemProxy;
			containerPortal = C365153D1C8981790031D525 /* Swifter.xcodeproj */;
			proxyType = 2;
			remoteGlobalIDString = F6B4D5751C7BAC4500E06514;
			remoteInfo = SwifterTests;
		};
		C36515521C898EF80031D525 /* PBXContainerItemProxy */ = {
			isa = PBXContainerItemProxy;
			containerPortal = C365153D1C8981790031D525 /* Swifter.xcodeproj */;
			proxyType = 1;
			remoteGlobalIDString = 8B9F50ED1944A5AB00894629;
			remoteInfo = SwifteriOS;
		};
/* End PBXContainerItemProxy section */

/* Begin PBXCopyFilesBuildPhase section */
		C36515541C898EF80031D525 /* Embed Frameworks */ = {
			isa = PBXCopyFilesBuildPhase;
			buildActionMask = 2147483647;
			dstPath = "";
			dstSubfolderSpec = 10;
			files = (
				C36515511C898EF80031D525 /* SwifteriOS.framework in Embed Frameworks */,
			);
			name = "Embed Frameworks";
			runOnlyForDeploymentPostprocessing = 0;
		};
/* End PBXCopyFilesBuildPhase section */

/* Begin PBXFileReference section */
		C34FD4DA1CD55A0C00971CC4 /* FBSDKCoreKit.framework */ = {isa = PBXFileReference; lastKnownFileType = wrapper.framework; path = FBSDKCoreKit.framework; sourceTree = "<group>"; };
		C34FD4DB1CD55A0C00971CC4 /* FBSDKLoginKit.framework */ = {isa = PBXFileReference; lastKnownFileType = wrapper.framework; path = FBSDKLoginKit.framework; sourceTree = "<group>"; };
		C34FD4DC1CD55A0C00971CC4 /* FBSDKShareKit.framework */ = {isa = PBXFileReference; lastKnownFileType = wrapper.framework; path = FBSDKShareKit.framework; sourceTree = "<group>"; };
		C36515141C880EBD0031D525 /* Fabric.framework */ = {isa = PBXFileReference; lastKnownFileType = wrapper.framework; path = Fabric.framework; sourceTree = "<group>"; };
		C36515151C880EBD0031D525 /* TwitterKit.framework */ = {isa = PBXFileReference; lastKnownFileType = wrapper.framework; path = TwitterKit.framework; sourceTree = "<group>"; };
		C36515161C880EBD0031D525 /* TwitterKitResources.bundle */ = {isa = PBXFileReference; lastKnownFileType = "wrapper.plug-in"; name = TwitterKitResources.bundle; path = TwitterKit.framework/Versions/A/Resources/TwitterKitResources.bundle; sourceTree = "<group>"; };
		C36515171C880EBD0031D525 /* TwitterCore.framework */ = {isa = PBXFileReference; lastKnownFileType = wrapper.framework; path = TwitterCore.framework; sourceTree = "<group>"; };
		C365151C1C880FDB0031D525 /* LoginViewController.swift */ = {isa = PBXFileReference; fileEncoding = 4; lastKnownFileType = sourcecode.swift; path = LoginViewController.swift; sourceTree = "<group>"; };
		C36515201C8818220031D525 /* FeedTableViewController.swift */ = {isa = PBXFileReference; fileEncoding = 4; lastKnownFileType = sourcecode.swift; path = FeedTableViewController.swift; sourceTree = "<group>"; };
		C36515221C8818F10031D525 /* PhotoCollectionViewCell.swift */ = {isa = PBXFileReference; fileEncoding = 4; lastKnownFileType = sourcecode.swift; path = PhotoCollectionViewCell.swift; sourceTree = "<group>"; };
		C36515241C88190A0031D525 /* CameraViewController.swift */ = {isa = PBXFileReference; fileEncoding = 4; lastKnownFileType = sourcecode.swift; path = CameraViewController.swift; sourceTree = "<group>"; };
		C36515261C8819380031D525 /* Photos.swift */ = {isa = PBXFileReference; fileEncoding = 4; lastKnownFileType = sourcecode.swift; path = Photos.swift; sourceTree = "<group>"; };
		C36515281C88196D0031D525 /* Preview.swift */ = {isa = PBXFileReference; fileEncoding = 4; lastKnownFileType = sourcecode.swift; path = Preview.swift; sourceTree = "<group>"; };
		C365152A1C881DA70031D525 /* Extensions.swift */ = {isa = PBXFileReference; fileEncoding = 4; lastKnownFileType = sourcecode.swift; path = Extensions.swift; sourceTree = "<group>"; };
		C365152C1C881E580031D525 /* Selection.swift */ = {isa = PBXFileReference; fileEncoding = 4; lastKnownFileType = sourcecode.swift; path = Selection.swift; sourceTree = "<group>"; };
		C365152E1C88201F0031D525 /* Helper.swift */ = {isa = PBXFileReference; fileEncoding = 4; lastKnownFileType = sourcecode.swift; path = Helper.swift; sourceTree = "<group>"; };
		C36515301C88218C0031D525 /* CameraPicker.swift */ = {isa = PBXFileReference; fileEncoding = 4; lastKnownFileType = sourcecode.swift; path = CameraPicker.swift; sourceTree = "<group>"; };
		C36515341C8827620031D525 /* FeedTableViewCell.swift */ = {isa = PBXFileReference; fileEncoding = 4; lastKnownFileType = sourcecode.swift; path = FeedTableViewCell.swift; sourceTree = "<group>"; };
		C36515361C8903E20031D525 /* CurrentUser.swift */ = {isa = PBXFileReference; fileEncoding = 4; lastKnownFileType = sourcecode.swift; path = CurrentUser.swift; sourceTree = "<group>"; };
		C36515381C89042B0031D525 /* GlobalEnums.swift */ = {isa = PBXFileReference; fileEncoding = 4; lastKnownFileType = sourcecode.swift; path = GlobalEnums.swift; sourceTree = "<group>"; };
		C365153B1C8969370031D525 /* userDataSource.swift */ = {isa = PBXFileReference; fileEncoding = 4; lastKnownFileType = sourcecode.swift; path = userDataSource.swift; sourceTree = "<group>"; };
		C365153D1C8981790031D525 /* Swifter.xcodeproj */ = {isa = PBXFileReference; lastKnownFileType = "wrapper.pb-project"; name = Swifter.xcodeproj; path = ../Templates/Swifter/Swifter.xcodeproj; sourceTree = "<group>"; };
		C3CF09DE1CAA1955000AFDA0 /* App EULA.pdf */ = {isa = PBXFileReference; lastKnownFileType = image.pdf; path = "App EULA.pdf"; sourceTree = "<group>"; };
		C3F6F8D31C880C30007376C6 /* DoItLive.app */ = {isa = PBXFileReference; explicitFileType = wrapper.application; includeInIndex = 0; path = DoItLive.app; sourceTree = BUILT_PRODUCTS_DIR; };
		C3F6F8D61C880C30007376C6 /* AppDelegate.swift */ = {isa = PBXFileReference; lastKnownFileType = sourcecode.swift; path = AppDelegate.swift; sourceTree = "<group>"; };
		C3F6F8DF1C880C30007376C6 /* Base */ = {isa = PBXFileReference; lastKnownFileType = file.storyboard; name = Base; path = Base.lproj/Main.storyboard; sourceTree = "<group>"; };
		C3F6F8E11C880C30007376C6 /* Assets.xcassets */ = {isa = PBXFileReference; lastKnownFileType = folder.assetcatalog; path = Assets.xcassets; sourceTree = "<group>"; };
		C3F6F8E41C880C30007376C6 /* Base */ = {isa = PBXFileReference; lastKnownFileType = file.storyboard; name = Base; path = Base.lproj/LaunchScreen.storyboard; sourceTree = "<group>"; };
		C3F6F8E61C880C30007376C6 /* Info.plist */ = {isa = PBXFileReference; lastKnownFileType = text.plist.xml; path = Info.plist; sourceTree = "<group>"; };
/* End PBXFileReference section */

/* Begin PBXFrameworksBuildPhase section */
		C3F6F8D01C880C2F007376C6 /* Frameworks */ = {
			isa = PBXFrameworksBuildPhase;
			buildActionMask = 2147483647;
			files = (
				C34FD4DD1CD55A0C00971CC4 /* FBSDKCoreKit.framework in Frameworks */,
				C36515181C880EBD0031D525 /* Fabric.framework in Frameworks */,
				C34FD4DE1CD55A0C00971CC4 /* FBSDKLoginKit.framework in Frameworks */,
				C34FD4DF1CD55A0C00971CC4 /* FBSDKShareKit.framework in Frameworks */,
				C365151B1C880EBD0031D525 /* TwitterCore.framework in Frameworks */,
				C36515501C898EF80031D525 /* SwifteriOS.framework in Frameworks */,
				C36515191C880EBD0031D525 /* TwitterKit.framework in Frameworks */,
			);
			runOnlyForDeploymentPostprocessing = 0;
		};
/* End PBXFrameworksBuildPhase section */

/* Begin PBXGroup section */
		C36515321C8823AB0031D525 /* Camera */ = {
			isa = PBXGroup;
			children = (
				C36515221C8818F10031D525 /* PhotoCollectionViewCell.swift */,
				C36515301C88218C0031D525 /* CameraPicker.swift */,
				C36515241C88190A0031D525 /* CameraViewController.swift */,
				C36515261C8819380031D525 /* Photos.swift */,
				C36515281C88196D0031D525 /* Preview.swift */,
			);
			name = Camera;
			sourceTree = "<group>";
		};
		C36515331C8823D60031D525 /* Helpers */ = {
			isa = PBXGroup;
			children = (
				C3CF09DE1CAA1955000AFDA0 /* App EULA.pdf */,
				C36515381C89042B0031D525 /* GlobalEnums.swift */,
				C365152A1C881DA70031D525 /* Extensions.swift */,
				C365152E1C88201F0031D525 /* Helper.swift */,
				C365152C1C881E580031D525 /* Selection.swift */,
			);
			name = Helpers;
			sourceTree = "<group>";
		};
		C365153A1C89046A0031D525 /* Twitter Data */ = {
			isa = PBXGroup;
			children = (
				C365153B1C8969370031D525 /* userDataSource.swift */,
				C36515361C8903E20031D525 /* CurrentUser.swift */,
			);
			name = "Twitter Data";
			sourceTree = "<group>";
		};
		C365153E1C8981790031D525 /* Products */ = {
			isa = PBXGroup;
			children = (
				C36515461C89817A0031D525 /* SwifterDemoiOS.app */,
				C36515481C89817A0031D525 /* SwifteriOS.framework */,
				C365154A1C89817A0031D525 /* SwifterMac.framework */,
				C365154C1C89817A0031D525 /* SwifterDemoMac.app */,
				C365154E1C89817A0031D525 /* SwifterTests.xctest */,
			);
			name = Products;
			sourceTree = "<group>";
		};
		C3F6F8CA1C880C2F007376C6 = {
			isa = PBXGroup;
			children = (
				C3F6F8D51C880C30007376C6 /* DoItLive */,
				C3F6F8D41C880C30007376C6 /* Products */,
				C365153D1C8981790031D525 /* Swifter.xcodeproj */,
				C34FD4DA1CD55A0C00971CC4 /* FBSDKCoreKit.framework */,
				C34FD4DB1CD55A0C00971CC4 /* FBSDKLoginKit.framework */,
				C34FD4DC1CD55A0C00971CC4 /* FBSDKShareKit.framework */,
				C36515141C880EBD0031D525 /* Fabric.framework */,
				C36515151C880EBD0031D525 /* TwitterKit.framework */,
				C36515161C880EBD0031D525 /* TwitterKitResources.bundle */,
				C36515171C880EBD0031D525 /* TwitterCore.framework */,
			);
			sourceTree = "<group>";
		};
		C3F6F8D41C880C30007376C6 /* Products */ = {
			isa = PBXGroup;
			children = (
				C3F6F8D31C880C30007376C6 /* DoItLive.app */,
			);
			name = Products;
			sourceTree = "<group>";
		};
		C3F6F8D51C880C30007376C6 /* DoItLive */ = {
			isa = PBXGroup;
			children = (
				C3F6F8D61C880C30007376C6 /* AppDelegate.swift */,
				C36515201C8818220031D525 /* FeedTableViewController.swift */,
				C36515341C8827620031D525 /* FeedTableViewCell.swift */,
				C365151C1C880FDB0031D525 /* LoginViewController.swift */,
				C3F6F8DE1C880C30007376C6 /* Main.storyboard */,
				C365153A1C89046A0031D525 /* Twitter Data */,
				C36515321C8823AB0031D525 /* Camera */,
				C36515331C8823D60031D525 /* Helpers */,
				C3F6F8E11C880C30007376C6 /* Assets.xcassets */,
				C3F6F8E31C880C30007376C6 /* LaunchScreen.storyboard */,
				C3F6F8E61C880C30007376C6 /* Info.plist */,
			);
			path = DoItLive;
			sourceTree = "<group>";
		};
/* End PBXGroup section */

/* Begin PBXNativeTarget section */
		C3F6F8D21C880C2F007376C6 /* DoItLive */ = {
			isa = PBXNativeTarget;
			buildConfigurationList = C3F6F8E91C880C30007376C6 /* Build configuration list for PBXNativeTarget "DoItLive" */;
			buildPhases = (
				C3F6F8CF1C880C2F007376C6 /* Sources */,
				C3F6F8D01C880C2F007376C6 /* Frameworks */,
				C3F6F8D11C880C2F007376C6 /* Resources */,
				C36515121C880DF80031D525 /* ShellScript */,
				C36515541C898EF80031D525 /* Embed Frameworks */,
			);
			buildRules = (
			);
			dependencies = (
				C36515531C898EF80031D525 /* PBXTargetDependency */,
			);
			name = DoItLive;
			productName = DoItLive;
			productReference = C3F6F8D31C880C30007376C6 /* DoItLive.app */;
			productType = "com.apple.product-type.application";
		};
/* End PBXNativeTarget section */

/* Begin PBXProject section */
		C3F6F8CB1C880C2F007376C6 /* Project object */ = {
			isa = PBXProject;
			attributes = {
				LastSwiftUpdateCheck = 0720;
				LastUpgradeCheck = 0720;
				ORGANIZATIONNAME = madebydouglas;
				TargetAttributes = {
					C3F6F8D21C880C2F007376C6 = {
						CreatedOnToolsVersion = 7.2.1;
						DevelopmentTeam = 68KS6FN57P;
					};
				};
			};
			buildConfigurationList = C3F6F8CE1C880C2F007376C6 /* Build configuration list for PBXProject "DoItLive" */;
			compatibilityVersion = "Xcode 3.2";
			developmentRegion = English;
			hasScannedForEncodings = 0;
			knownRegions = (
				en,
				Base,
			);
			mainGroup = C3F6F8CA1C880C2F007376C6;
			productRefGroup = C3F6F8D41C880C30007376C6 /* Products */;
			projectDirPath = "";
			projectReferences = (
				{
					ProductGroup = C365153E1C8981790031D525 /* Products */;
					ProjectRef = C365153D1C8981790031D525 /* Swifter.xcodeproj */;
				},
			);
			projectRoot = "";
			targets = (
				C3F6F8D21C880C2F007376C6 /* DoItLive */,
			);
		};
/* End PBXProject section */

/* Begin PBXReferenceProxy section */
		C36515461C89817A0031D525 /* SwifterDemoiOS.app */ = {
			isa = PBXReferenceProxy;
			fileType = wrapper.application;
			path = SwifterDemoiOS.app;
			remoteRef = C36515451C89817A0031D525 /* PBXContainerItemProxy */;
			sourceTree = BUILT_PRODUCTS_DIR;
		};
		C36515481C89817A0031D525 /* SwifteriOS.framework */ = {
			isa = PBXReferenceProxy;
			fileType = wrapper.framework;
			path = SwifteriOS.framework;
			remoteRef = C36515471C89817A0031D525 /* PBXContainerItemProxy */;
			sourceTree = BUILT_PRODUCTS_DIR;
		};
		C365154A1C89817A0031D525 /* SwifterMac.framework */ = {
			isa = PBXReferenceProxy;
			fileType = wrapper.framework;
			path = SwifterMac.framework;
			remoteRef = C36515491C89817A0031D525 /* PBXContainerItemProxy */;
			sourceTree = BUILT_PRODUCTS_DIR;
		};
		C365154C1C89817A0031D525 /* SwifterDemoMac.app */ = {
			isa = PBXReferenceProxy;
			fileType = wrapper.application;
			path = SwifterDemoMac.app;
			remoteRef = C365154B1C89817A0031D525 /* PBXContainerItemProxy */;
			sourceTree = BUILT_PRODUCTS_DIR;
		};
		C365154E1C89817A0031D525 /* SwifterTests.xctest */ = {
			isa = PBXReferenceProxy;
			fileType = wrapper.cfbundle;
			path = SwifterTests.xctest;
			remoteRef = C365154D1C89817A0031D525 /* PBXContainerItemProxy */;
			sourceTree = BUILT_PRODUCTS_DIR;
		};
/* End PBXReferenceProxy section */

/* Begin PBXResourcesBuildPhase section */
		C3F6F8D11C880C2F007376C6 /* Resources */ = {
			isa = PBXResourcesBuildPhase;
			buildActionMask = 2147483647;
			files = (
				C365151A1C880EBD0031D525 /* TwitterKitResources.bundle in Resources */,
				C3F6F8E51C880C30007376C6 /* LaunchScreen.storyboard in Resources */,
				C3F6F8E21C880C30007376C6 /* Assets.xcassets in Resources */,
				C3CF09DF1CAA1955000AFDA0 /* App EULA.pdf in Resources */,
				C3F6F8E01C880C30007376C6 /* Main.storyboard in Resources */,
			);
			runOnlyForDeploymentPostprocessing = 0;
		};
/* End PBXResourcesBuildPhase section */

/* Begin PBXShellScriptBuildPhase section */
		C36515121C880DF80031D525 /* ShellScript */ = {
			isa = PBXShellScriptBuildPhase;
			buildActionMask = 2147483647;
			files = (
			);
			inputPaths = (
			);
			outputPaths = (
			);
			runOnlyForDeploymentPostprocessing = 0;
			shellPath = /bin/sh;
			shellScript = "./Fabric.framework/run bd66c0e58a6ea073ec608a0897ee145e819b5970 3f1605197a6885e940b48e38700b3241613bbe0c165457a5828361c42516c800";
		};
/* End PBXShellScriptBuildPhase section */

/* Begin PBXSourcesBuildPhase section */
		C3F6F8CF1C880C2F007376C6 /* Sources */ = {
			isa = PBXSourcesBuildPhase;
			buildActionMask = 2147483647;
			files = (
				C36515271C8819380031D525 /* Photos.swift in Sources */,
				C36515351C8827620031D525 /* FeedTableViewCell.swift in Sources */,
				C365151D1C880FDB0031D525 /* LoginViewController.swift in Sources */,
				C36515251C88190A0031D525 /* CameraViewController.swift in Sources */,
				C36515311C88218C0031D525 /* CameraPicker.swift in Sources */,
				C36515391C89042B0031D525 /* GlobalEnums.swift in Sources */,
				C365152B1C881DA70031D525 /* Extensions.swift in Sources */,
				C365153C1C8969370031D525 /* userDataSource.swift in Sources */,
				C36515231C8818F10031D525 /* PhotoCollectionViewCell.swift in Sources */,
				C36515291C88196D0031D525 /* Preview.swift in Sources */,
				C365152D1C881E580031D525 /* Selection.swift in Sources */,
				C365152F1C88201F0031D525 /* Helper.swift in Sources */,
				C36515211C8818220031D525 /* FeedTableViewController.swift in Sources */,
				C3F6F8D71C880C30007376C6 /* AppDelegate.swift in Sources */,
				C36515371C8903E20031D525 /* CurrentUser.swift in Sources */,
			);
			runOnlyForDeploymentPostprocessing = 0;
		};
/* End PBXSourcesBuildPhase section */

/* Begin PBXTargetDependency section */
		C36515531C898EF80031D525 /* PBXTargetDependency */ = {
			isa = PBXTargetDependency;
			name = SwifteriOS;
			targetProxy = C36515521C898EF80031D525 /* PBXContainerItemProxy */;
		};
/* End PBXTargetDependency section */

/* Begin PBXVariantGroup section */
		C3F6F8DE1C880C30007376C6 /* Main.storyboard */ = {
			isa = PBXVariantGroup;
			children = (
				C3F6F8DF1C880C30007376C6 /* Base */,
			);
			name = Main.storyboard;
			sourceTree = "<group>";
		};
		C3F6F8E31C880C30007376C6 /* LaunchScreen.storyboard */ = {
			isa = PBXVariantGroup;
			children = (
				C3F6F8E41C880C30007376C6 /* Base */,
			);
			name = LaunchScreen.storyboard;
			sourceTree = "<group>";
		};
/* End PBXVariantGroup section */

/* Begin XCBuildConfiguration section */
		C3F6F8E71C880C30007376C6 /* Debug */ = {
			isa = XCBuildConfiguration;
			buildSettings = {
				ALWAYS_SEARCH_USER_PATHS = NO;
				CLANG_CXX_LANGUAGE_STANDARD = "gnu++0x";
				CLANG_CXX_LIBRARY = "libc++";
				CLANG_ENABLE_MODULES = YES;
				CLANG_ENABLE_OBJC_ARC = YES;
				CLANG_WARN_BOOL_CONVERSION = YES;
				CLANG_WARN_CONSTANT_CONVERSION = YES;
				CLANG_WARN_DIRECT_OBJC_ISA_USAGE = YES_ERROR;
				CLANG_WARN_EMPTY_BODY = YES;
				CLANG_WARN_ENUM_CONVERSION = YES;
				CLANG_WARN_INT_CONVERSION = YES;
				CLANG_WARN_OBJC_ROOT_CLASS = YES_ERROR;
				CLANG_WARN_UNREACHABLE_CODE = YES;
				CLANG_WARN__DUPLICATE_METHOD_MATCH = YES;
				"CODE_SIGN_IDENTITY[sdk=iphoneos*]" = "iPhone Developer";
				COPY_PHASE_STRIP = NO;
				DEBUG_INFORMATION_FORMAT = dwarf;
				ENABLE_STRICT_OBJC_MSGSEND = YES;
				ENABLE_TESTABILITY = YES;
				GCC_C_LANGUAGE_STANDARD = gnu99;
				GCC_DYNAMIC_NO_PIC = NO;
				GCC_NO_COMMON_BLOCKS = YES;
				GCC_OPTIMIZATION_LEVEL = 0;
				GCC_PREPROCESSOR_DEFINITIONS = (
					"DEBUG=1",
					"$(inherited)",
				);
				GCC_WARN_64_TO_32_BIT_CONVERSION = YES;
				GCC_WARN_ABOUT_RETURN_TYPE = YES_ERROR;
				GCC_WARN_UNDECLARED_SELECTOR = YES;
				GCC_WARN_UNINITIALIZED_AUTOS = YES_AGGRESSIVE;
				GCC_WARN_UNUSED_FUNCTION = YES;
				GCC_WARN_UNUSED_VARIABLE = YES;
				IPHONEOS_DEPLOYMENT_TARGET = 8.4;
				MTL_ENABLE_DEBUG_INFO = YES;
				ONLY_ACTIVE_ARCH = YES;
				SDKROOT = iphoneos;
				SWIFT_OPTIMIZATION_LEVEL = "-Onone";
			};
			name = Debug;
		};
		C3F6F8E81C880C30007376C6 /* Release */ = {
			isa = XCBuildConfiguration;
			buildSettings = {
				ALWAYS_SEARCH_USER_PATHS = NO;
				CLANG_CXX_LANGUAGE_STANDARD = "gnu++0x";
				CLANG_CXX_LIBRARY = "libc++";
				CLANG_ENABLE_MODULES = YES;
				CLANG_ENABLE_OBJC_ARC = YES;
				CLANG_WARN_BOOL_CONVERSION = YES;
				CLANG_WARN_CONSTANT_CONVERSION = YES;
				CLANG_WARN_DIRECT_OBJC_ISA_USAGE = YES_ERROR;
				CLANG_WARN_EMPTY_BODY = YES;
				CLANG_WARN_ENUM_CONVERSION = YES;
				CLANG_WARN_INT_CONVERSION = YES;
				CLANG_WARN_OBJC_ROOT_CLASS = YES_ERROR;
				CLANG_WARN_UNREACHABLE_CODE = YES;
				CLANG_WARN__DUPLICATE_METHOD_MATCH = YES;
				"CODE_SIGN_IDENTITY[sdk=iphoneos*]" = "iPhone Developer";
				COPY_PHASE_STRIP = NO;
				DEBUG_INFORMATION_FORMAT = "dwarf-with-dsym";
				ENABLE_NS_ASSERTIONS = NO;
				ENABLE_STRICT_OBJC_MSGSEND = YES;
				GCC_C_LANGUAGE_STANDARD = gnu99;
				GCC_NO_COMMON_BLOCKS = YES;
				GCC_WARN_64_TO_32_BIT_CONVERSION = YES;
				GCC_WARN_ABOUT_RETURN_TYPE = YES_ERROR;
				GCC_WARN_UNDECLARED_SELECTOR = YES;
				GCC_WARN_UNINITIALIZED_AUTOS = YES_AGGRESSIVE;
				GCC_WARN_UNUSED_FUNCTION = YES;
				GCC_WARN_UNUSED_VARIABLE = YES;
				IPHONEOS_DEPLOYMENT_TARGET = 8.4;
				MTL_ENABLE_DEBUG_INFO = NO;
				SDKROOT = iphoneos;
				VALIDATE_PRODUCT = YES;
			};
			name = Release;
		};
		C3F6F8EA1C880C30007376C6 /* Debug */ = {
			isa = XCBuildConfiguration;
			buildSettings = {
				ASSETCATALOG_COMPILER_APPICON_NAME = AppIcon;
				CODE_SIGN_IDENTITY = "iPhone Developer";
				DEBUG_INFORMATION_FORMAT = "dwarf-with-dsym";
				EMBEDDED_CONTENT_CONTAINS_SWIFT = YES;
				FRAMEWORK_SEARCH_PATHS = (
					"$(inherited)",
					"$(PROJECT_DIR)",
					"$(PROJECT_DIR)/DoItLive",
				);
				INFOPLIST_FILE = DoItLive/Info.plist;
				IPHONEOS_DEPLOYMENT_TARGET = 8.4;
				LD_RUNPATH_SEARCH_PATHS = "$(inherited) @executable_path/Frameworks";
				PRODUCT_BUNDLE_IDENTIFIER = com.madebydouglas.DoItLive;
				PRODUCT_NAME = "$(TARGET_NAME)";
			};
			name = Debug;
		};
		C3F6F8EB1C880C30007376C6 /* Release */ = {
			isa = XCBuildConfiguration;
			buildSettings = {
				ASSETCATALOG_COMPILER_APPICON_NAME = AppIcon;
				CODE_SIGN_IDENTITY = "iPhone Developer";
				EMBEDDED_CONTENT_CONTAINS_SWIFT = YES;
				FRAMEWORK_SEARCH_PATHS = (
					"$(inherited)",
					"$(PROJECT_DIR)",
					"$(PROJECT_DIR)/DoItLive",
				);
				INFOPLIST_FILE = DoItLive/Info.plist;
				IPHONEOS_DEPLOYMENT_TARGET = 8.4;
				LD_RUNPATH_SEARCH_PATHS = "$(inherited) @executable_path/Frameworks";
				PRODUCT_BUNDLE_IDENTIFIER = com.madebydouglas.DoItLive;
				PRODUCT_NAME = "$(TARGET_NAME)";
			};
			name = Release;
		};
/* End XCBuildConfiguration section */

/* Begin XCConfigurationList section */
		C3F6F8CE1C880C2F007376C6 /* Build configuration list for PBXProject "DoItLive" */ = {
			isa = XCConfigurationList;
			buildConfigurations = (
				C3F6F8E71C880C30007376C6 /* Debug */,
				C3F6F8E81C880C30007376C6 /* Release */,
			);
			defaultConfigurationIsVisible = 0;
			defaultConfigurationName = Release;
		};
		C3F6F8E91C880C30007376C6 /* Build configuration list for PBXNativeTarget "DoItLive" */ = {
			isa = XCConfigurationList;
			buildConfigurations = (
				C3F6F8EA1C880C30007376C6 /* Debug */,
				C3F6F8EB1C880C30007376C6 /* Release */,
			);
			defaultConfigurationIsVisible = 0;
			defaultConfigurationName = Release;
		};
/* End XCConfigurationList section */
	};
	rootObject = C3F6F8CB1C880C2F007376C6 /* Project object */;
}
